
Microsoft Visual Studio Solution File, Format Version 12.00
# Visual Studio 14
VisualStudioVersion = 14.0.25420.1
MinimumVisualStudioVersion = 10.0.40219.1
Project("{2150E333-8FDC-42A3-9474-1A3956D46DE8}") = "Solution Items", "Solution Items", "{5A68263E-A4E6-4DC4-9BA0-CFDC618D0890}"
	ProjectSection(SolutionItems) = preProject
		global.json = global.json
		README.md = README.md
	EndProjectSection
EndProject
Project("{2150E333-8FDC-42A3-9474-1A3956D46DE8}") = "nuget", "nuget", "{AC05BE03-0A3C-4460-90CD-1DD7A6B2ACEE}"
	ProjectSection(SolutionItems) = preProject
		nuget\ConsoleUI.nuspec = nuget\ConsoleUI.nuspec
	EndProjectSection
EndProject
Project("{2150E333-8FDC-42A3-9474-1A3956D46DE8}") = "docs", "docs", "{69FDC341-B110-4817-9AC9-A50532CBB9E9}"
EndProject
Project("{2150E333-8FDC-42A3-9474-1A3956D46DE8}") = "src", "src", "{AB709FE3-69DB-4D05-85CB-E1F3725CB065}"
EndProject
Project("{2150E333-8FDC-42A3-9474-1A3956D46DE8}") = "images", "images", "{A294CCB3-4578-467F-9032-2E3350DD0DD7}"
	ProjectSection(SolutionItems) = preProject
		global.json = global.json
		docs\images\loading-screen.png = docs\images\loading-screen.png
		docs\images\login-screen-1.png = docs\images\login-screen-1.png
		docs\images\login-screen-2.png = docs\images\login-screen-2.png
		docs\images\login-screen-3.png = docs\images\login-screen-3.png
	EndProjectSection
EndProject
Project("{8BB2217D-0F2D-49D1-97BC-3654ED321F3B}") = "ConsoleUI", "src\ConsoleUI\ConsoleUI.xproj", "{A49230B4-DB83-4D15-826B-11DD4F6DB0FF}"
EndProject
Project("{8BB2217D-0F2D-49D1-97BC-3654ED321F3B}") = "DemoApp", "src\DemoApp\DemoApp.xproj", "{A2B7432A-AEAD-4388-A15B-855E6C84F7A3}"
EndProject
Project("{2150E333-8FDC-42A3-9474-1A3956D46DE8}") = "test", "test", "{3D6EBE28-BB03-4C6E-82C5-9AA17D269928}"
EndProject
Global
	GlobalSection(SolutionConfigurationPlatforms) = preSolution
		Debug|Any CPU = Debug|Any CPU
		Release|Any CPU = Release|Any CPU
	EndGlobalSection
	GlobalSection(ProjectConfigurationPlatforms) = postSolution
		{A49230B4-DB83-4D15-826B-11DD4F6DB0FF}.Debug|Any CPU.ActiveCfg = Debug|Any CPU
		{A49230B4-DB83-4D15-826B-11DD4F6DB0FF}.Debug|Any CPU.Build.0 = Debug|Any CPU
		{A49230B4-DB83-4D15-826B-11DD4F6DB0FF}.Release|Any CPU.ActiveCfg = Release|Any CPU
		{A49230B4-DB83-4D15-826B-11DD4F6DB0FF}.Release|Any CPU.Build.0 = Release|Any CPU
		{A2B7432A-AEAD-4388-A15B-855E6C84F7A3}.Debug|Any CPU.ActiveCfg = Debug|Any CPU
		{A2B7432A-AEAD-4388-A15B-855E6C84F7A3}.Debug|Any CPU.Build.0 = Debug|Any CPU
		{A2B7432A-AEAD-4388-A15B-855E6C84F7A3}.Release|Any CPU.ActiveCfg = Release|Any CPU
		{A2B7432A-AEAD-4388-A15B-855E6C84F7A3}.Release|Any CPU.Build.0 = Release|Any CPU
	EndGlobalSection
	GlobalSection(SolutionProperties) = preSolution
		HideSolutionNode = FALSE
	EndGlobalSection
	GlobalSection(NestedProjects) = preSolution
		{A294CCB3-4578-467F-9032-2E3350DD0DD7} = {69FDC341-B110-4817-9AC9-A50532CBB9E9}
		{A49230B4-DB83-4D15-826B-11DD4F6DB0FF} = {AB709FE3-69DB-4D05-85CB-E1F3725CB065}
		{A2B7432A-AEAD-4388-A15B-855E6C84F7A3} = {AB709FE3-69DB-4D05-85CB-E1F3725CB065}
	EndGlobalSection
EndGlobal
